
Microsoft Visual Studio Solution File, Format Version 12.00
# Visual Studio Version 17
VisualStudioVersion = 17.8.34330.188
MinimumVisualStudioVersion = 10.0.40219.1
Project("{FAE04EC0-301F-11D3-BF4B-00C04F79EFBC}") = "ODAW_TEST", "ODAW_TEST\ODAW_TEST.csproj", "{76D927C6-D32B-4CEA-9C58-C19859695B0C}"
EndProject
Global
	GlobalSection(SolutionConfigurationPlatforms) = preSolution
		Debug|Any CPU = Debug|Any CPU
		Release|Any CPU = Release|Any CPU
	EndGlobalSection
	GlobalSection(ProjectConfigurationPlatforms) = postSolution
		{76D927C6-D32B-4CEA-9C58-C19859695B0C}.Debug|Any CPU.ActiveCfg = Debug|Any CPU
		{76D927C6-D32B-4CEA-9C58-C19859695B0C}.Debug|Any CPU.Build.0 = Debug|Any CPU
		{76D927C6-D32B-4CEA-9C58-C19859695B0C}.Release|Any CPU.ActiveCfg = Release|Any CPU
		{76D927C6-D32B-4CEA-9C58-C19859695B0C}.Release|Any CPU.Build.0 = Release|Any CPU
	EndGlobalSection
	GlobalSection(SolutionProperties) = preSolution
		HideSolutionNode = FALSE
	EndGlobalSection
	GlobalSection(ExtensibilityGlobals) = postSolution
		SolutionGuid = {EF570056-8318-4385-B47B-FDDE3027A1B9}
	EndGlobalSection
EndGlobal
